
Microsoft Visual Studio Solution File, Format Version 12.00
# Visual Studio 15
VisualStudioVersion = 15.0.28010.2016
MinimumVisualStudioVersion = 10.0.40219.1
Project("{2150E333-8FDC-42A3-9474-1A3956D46DE8}") = "Solution Items", "Solution Items", "{46F2F193-CCB7-4CC6-97D1-615DD3B28A6E}"
	ProjectSection(SolutionItems) = preProject
		LICENSE.txt = LICENSE.txt
		README.MD = README.MD
	EndProjectSection
EndProject
Project("{8BC9CEB8-8B4A-11D0-8D11-00A0C91BC942}") = "001_ReplaceSpaces", "001_ReplaceSpaces\001_ReplaceSpaces.vcxproj", "{ED43EAD2-BDCB-4072-8F28-DC7A0D4F86AA}"
EndProject
Project("{2150E333-8FDC-42A3-9474-1A3956D46DE8}") = "docs", "docs", "{29090266-834A-4E4E-A994-EBD03F8546F3}"
	ProjectSection(SolutionItems) = preProject
		001_ReplaceSpaces.md = 001_ReplaceSpaces.md
		002_QueneWithTwoStacks.md = 002_QueneWithTwoStacks.md
		index.md = index.md
	EndProjectSection
EndProject
Project("{8BC9CEB8-8B4A-11D0-8D11-00A0C91BC942}") = "002_QueneWithTwoStacks", "002_QueneWithTwoStacks\002_QueneWithTwoStacks.vcxproj", "{8D30E8A9-4F43-40FF-B83D-4B047CBC7610}"
EndProject
Project("{8BC9CEB8-8B4A-11D0-8D11-00A0C91BC942}") = "Meituan_01", "Meituan_01\Meituan_01.vcxproj", "{32BC5A29-E9CD-49B9-B688-1F808C59DED0}"
EndProject
Project("{8BC9CEB8-8B4A-11D0-8D11-00A0C91BC942}") = "Meituan_02", "Meituan_02\Meituan_02.vcxproj", "{166025B5-E9C6-4338-9070-A03019F0A886}"
EndProject
Project("{8BC9CEB8-8B4A-11D0-8D11-00A0C91BC942}") = "003_ConstructBinaryTree", "003_RebuildBinaryTree\003_RebuildBinaryTree.vcxproj", "{FA20D739-B628-415D-82CA-A6C1B2422EC9}"
EndProject
Project("{8BC9CEB8-8B4A-11D0-8D11-00A0C91BC942}") = "004_TreeDepth", "004_TreeDepth\004_TreeDepth.vcxproj", "{60877602-EFFC-41E8-AF45-19BC81B9B010}"
EndProject
Global
	GlobalSection(SolutionConfigurationPlatforms) = preSolution
		Debug|x64 = Debug|x64
		Debug|x86 = Debug|x86
		Release|x64 = Release|x64
		Release|x86 = Release|x86
	EndGlobalSection
	GlobalSection(ProjectConfigurationPlatforms) = postSolution
		{ED43EAD2-BDCB-4072-8F28-DC7A0D4F86AA}.Debug|x64.ActiveCfg = Debug|x64
		{ED43EAD2-BDCB-4072-8F28-DC7A0D4F86AA}.Debug|x64.Build.0 = Debug|x64
		{ED43EAD2-BDCB-4072-8F28-DC7A0D4F86AA}.Debug|x86.ActiveCfg = Debug|Win32
		{ED43EAD2-BDCB-4072-8F28-DC7A0D4F86AA}.Debug|x86.Build.0 = Debug|Win32
		{ED43EAD2-BDCB-4072-8F28-DC7A0D4F86AA}.Release|x64.ActiveCfg = Release|x64
		{ED43EAD2-BDCB-4072-8F28-DC7A0D4F86AA}.Release|x64.Build.0 = Release|x64
		{ED43EAD2-BDCB-4072-8F28-DC7A0D4F86AA}.Release|x86.ActiveCfg = Release|Win32
		{ED43EAD2-BDCB-4072-8F28-DC7A0D4F86AA}.Release|x86.Build.0 = Release|Win32
		{8D30E8A9-4F43-40FF-B83D-4B047CBC7610}.Debug|x64.ActiveCfg = Debug|x64
		{8D30E8A9-4F43-40FF-B83D-4B047CBC7610}.Debug|x64.Build.0 = Debug|x64
		{8D30E8A9-4F43-40FF-B83D-4B047CBC7610}.Debug|x86.ActiveCfg = Debug|Win32
		{8D30E8A9-4F43-40FF-B83D-4B047CBC7610}.Debug|x86.Build.0 = Debug|Win32
		{8D30E8A9-4F43-40FF-B83D-4B047CBC7610}.Release|x64.ActiveCfg = Release|x64
		{8D30E8A9-4F43-40FF-B83D-4B047CBC7610}.Release|x64.Build.0 = Release|x64
		{8D30E8A9-4F43-40FF-B83D-4B047CBC7610}.Release|x86.ActiveCfg = Release|Win32
		{8D30E8A9-4F43-40FF-B83D-4B047CBC7610}.Release|x86.Build.0 = Release|Win32
		{32BC5A29-E9CD-49B9-B688-1F808C59DED0}.Debug|x64.ActiveCfg = Debug|x64
		{32BC5A29-E9CD-49B9-B688-1F808C59DED0}.Debug|x64.Build.0 = Debug|x64
		{32BC5A29-E9CD-49B9-B688-1F808C59DED0}.Debug|x86.ActiveCfg = Debug|Win32
		{32BC5A29-E9CD-49B9-B688-1F808C59DED0}.Debug|x86.Build.0 = Debug|Win32
		{32BC5A29-E9CD-49B9-B688-1F808C59DED0}.Release|x64.ActiveCfg = Release|x64
		{32BC5A29-E9CD-49B9-B688-1F808C59DED0}.Release|x64.Build.0 = Release|x64
		{32BC5A29-E9CD-49B9-B688-1F808C59DED0}.Release|x86.ActiveCfg = Release|Win32
		{32BC5A29-E9CD-49B9-B688-1F808C59DED0}.Release|x86.Build.0 = Release|Win32
		{166025B5-E9C6-4338-9070-A03019F0A886}.Debug|x64.ActiveCfg = Debug|x64
		{166025B5-E9C6-4338-9070-A03019F0A886}.Debug|x64.Build.0 = Debug|x64
		{166025B5-E9C6-4338-9070-A03019F0A886}.Debug|x86.ActiveCfg = Debug|Win32
		{166025B5-E9C6-4338-9070-A03019F0A886}.Debug|x86.Build.0 = Debug|Win32
		{166025B5-E9C6-4338-9070-A03019F0A886}.Release|x64.ActiveCfg = Release|x64
		{166025B5-E9C6-4338-9070-A03019F0A886}.Release|x64.Build.0 = Release|x64
		{166025B5-E9C6-4338-9070-A03019F0A886}.Release|x86.ActiveCfg = Release|Win32
		{166025B5-E9C6-4338-9070-A03019F0A886}.Release|x86.Build.0 = Release|Win32
		{FA20D739-B628-415D-82CA-A6C1B2422EC9}.Debug|x64.ActiveCfg = Debug|x64
		{FA20D739-B628-415D-82CA-A6C1B2422EC9}.Debug|x64.Build.0 = Debug|x64
		{FA20D739-B628-415D-82CA-A6C1B2422EC9}.Debug|x86.ActiveCfg = Debug|Win32
		{FA20D739-B628-415D-82CA-A6C1B2422EC9}.Debug|x86.Build.0 = Debug|Win32
		{FA20D739-B628-415D-82CA-A6C1B2422EC9}.Release|x64.ActiveCfg = Release|x64
		{FA20D739-B628-415D-82CA-A6C1B2422EC9}.Release|x64.Build.0 = Release|x64
		{FA20D739-B628-415D-82CA-A6C1B2422EC9}.Release|x86.ActiveCfg = Release|Win32
		{FA20D739-B628-415D-82CA-A6C1B2422EC9}.Release|x86.Build.0 = Release|Win32
		{60877602-EFFC-41E8-AF45-19BC81B9B010}.Debug|x64.ActiveCfg = Debug|x64
		{60877602-EFFC-41E8-AF45-19BC81B9B010}.Debug|x64.Build.0 = Debug|x64
		{60877602-EFFC-41E8-AF45-19BC81B9B010}.Debug|x86.ActiveCfg = Debug|Win32
		{60877602-EFFC-41E8-AF45-19BC81B9B010}.Debug|x86.Build.0 = Debug|Win32
		{60877602-EFFC-41E8-AF45-19BC81B9B010}.Release|x64.ActiveCfg = Release|x64
		{60877602-EFFC-41E8-AF45-19BC81B9B010}.Release|x64.Build.0 = Release|x64
		{60877602-EFFC-41E8-AF45-19BC81B9B010}.Release|x86.ActiveCfg = Release|Win32
		{60877602-EFFC-41E8-AF45-19BC81B9B010}.Release|x86.Build.0 = Release|Win32
	EndGlobalSection
	GlobalSection(SolutionProperties) = preSolution
		HideSolutionNode = FALSE
	EndGlobalSection
	GlobalSection(ExtensibilityGlobals) = postSolution
		SolutionGuid = {F5E9DDDD-28C6-4958-B08C-EB083F9F9EAB}
	EndGlobalSection
EndGlobal
