
Microsoft Visual Studio Solution File, Format Version 12.00
# Visual Studio 15
VisualStudioVersion = 15.0.28010.2016
MinimumVisualStudioVersion = 10.0.40219.1
Project("{2150E333-8FDC-42A3-9474-1A3956D46DE8}") = "Solution Items", "Solution Items", "{46F2F193-CCB7-4CC6-97D1-615DD3B28A6E}"
	ProjectSection(SolutionItems) = preProject
		LICENSE.txt = LICENSE.txt
		README.MD = README.MD
	EndProjectSection
EndProject
Project("{8BC9CEB8-8B4A-11D0-8D11-00A0C91BC942}") = "001_ReplaceSpaces", "001_ReplaceSpaces\001_ReplaceSpaces.vcxproj", "{ED43EAD2-BDCB-4072-8F28-DC7A0D4F86AA}"
EndProject
Project("{2150E333-8FDC-42A3-9474-1A3956D46DE8}") = "docs", "docs", "{29090266-834A-4E4E-A994-EBD03F8546F3}"
	ProjectSection(SolutionItems) = preProject
		001_ReplaceSpaces.md = 001_ReplaceSpaces.md
		002_QueneWithTwoStacks.md = 002_QueneWithTwoStacks.md
		index.md = index.md
	EndProjectSection
EndProject
Project("{8BC9CEB8-8B4A-11D0-8D11-00A0C91BC942}") = "002_QueneWithTwoStacks", "002_QueneWithTwoStacks\002_QueneWithTwoStacks.vcxproj", "{8D30E8A9-4F43-40FF-B83D-4B047CBC7610}"
EndProject
Project("{8BC9CEB8-8B4A-11D0-8D11-00A0C91BC942}") = "Meituan_01", "Meituan_01\Meituan_01.vcxproj", "{32BC5A29-E9CD-49B9-B688-1F808C59DED0}"
EndProject
Project("{8BC9CEB8-8B4A-11D0-8D11-00A0C91BC942}") = "Meituan_02", "Meituan_02\Meituan_02.vcxproj", "{166025B5-E9C6-4338-9070-A03019F0A886}"
EndProject
Project("{8BC9CEB8-8B4A-11D0-8D11-00A0C91BC942}") = "003_ConstructBinaryTree", "003_RebuildBinaryTree\003_RebuildBinaryTree.vcxproj", "{FA20D739-B628-415D-82CA-A6C1B2422EC9}"
EndProject
Project("{8BC9CEB8-8B4A-11D0-8D11-00A0C91BC942}") = "004_TreeDepth", "004_TreeDepth\004_TreeDepth.vcxproj", "{60877602-EFFC-41E8-AF45-19BC81B9B010}"
EndProject
Project("{8BC9CEB8-8B4A-11D0-8D11-00A0C91BC942}") = "005_NextNodeBinaryTree", "005_NextNodeBinaryTree\005_NextNodeBinaryTree.vcxproj", "{5737519F-9EB3-40C7-BBF7-1159E157EEC5}"
EndProject
Project("{8BC9CEB8-8B4A-11D0-8D11-00A0C91BC942}") = "006_01PrintTreeFromToptoBottom", "006_01PrintTreeFromToptoBottom\006_01PrintTreeFromToptoBottom.vcxproj", "{92CCD80B-1826-4520-9015-F052F22D9035}"
EndProject
Project("{8BC9CEB8-8B4A-11D0-8D11-00A0C91BC942}") = "006_02PrintTreeInLines", "006_02PrintTreeInLines\006_02PrintTreeInLines.vcxproj", "{9B6B3167-72EE-4643-96B2-3ED7282D2B86}"
EndProject
Project("{8BC9CEB8-8B4A-11D0-8D11-00A0C91BC942}") = "006_03PrintTreeInZigzag", "006_03PrintTreeInZigzag\006_03PrintTreeInZigzag.vcxproj", "{45F056E7-5B4B-4911-8703-171693CA8444}"
EndProject
Project("{8BC9CEB8-8B4A-11D0-8D11-00A0C91BC942}") = "Tencent_001", "Tencent_001\Tencent_001.vcxproj", "{4A6BC2EF-2921-4F09-9C7D-CBB51D7DFD49}"
EndProject
Project("{8BC9CEB8-8B4A-11D0-8D11-00A0C91BC942}") = "Tencent_002", "Tencent_002\Tencent_002.vcxproj", "{EEB90B31-2FF8-441B-B5BA-E2097F67A48B}"
EndProject
Project("{8BC9CEB8-8B4A-11D0-8D11-00A0C91BC942}") = "Tencent_003", "Tencent_003\Tencent_003.vcxproj", "{539F38CA-0DE5-44E1-B0F1-0DC3EC3B8030}"
EndProject
Project("{8BC9CEB8-8B4A-11D0-8D11-00A0C91BC942}") = "007_PatternMatchingInString", "007_PatternMatchingInString\007_PatternMatchingInString.vcxproj", "{30A8BA21-1CD0-4061-BFC7-9EDA2B58D705}"
EndProject
Project("{8BC9CEB8-8B4A-11D0-8D11-00A0C91BC942}") = "DiDi_001", "DiDi_001\DiDi_001.vcxproj", "{2A46C8CC-23BC-4E04-8D96-DFCCD291A041}"
EndProject
Project("{8BC9CEB8-8B4A-11D0-8D11-00A0C91BC942}") = "DiDi_002", "DiDi_002\DiDi_002.vcxproj", "{B5BCBD4F-DFBF-47AD-939F-1458027A7ADF}"
EndProject
Project("{8BC9CEB8-8B4A-11D0-8D11-00A0C91BC942}") = "008_CuttingRope", "008_CuttingRope\008_CuttingRope.vcxproj", "{DB0B7B26-C902-4744-B8F6-F520BB51A8AA}"
EndProject
Project("{8BC9CEB8-8B4A-11D0-8D11-00A0C91BC942}") = "009_Fibonacci", "009_Fibonacci\009_Fibonacci.vcxproj", "{CEF1B242-2FD4-468E-9C1A-8660A3A59C78}"
EndProject
Project("{8BC9CEB8-8B4A-11D0-8D11-00A0C91BC942}") = "010_Power", "010_Power\010_Power.vcxproj", "{CCC6EC0B-AACD-4A07-8689-1B76520BF50A}"
EndProject
Project("{8BC9CEB8-8B4A-11D0-8D11-00A0C91BC942}") = "011_StringPathInMatrix", "011_StringPathInMatrix\011_StringPathInMatrix.vcxproj", "{376F7451-E216-4D24-84FF-BC2A9838D530}"
EndProject
Global
	GlobalSection(SolutionConfigurationPlatforms) = preSolution
		Debug|x64 = Debug|x64
		Debug|x86 = Debug|x86
		Release|x64 = Release|x64
		Release|x86 = Release|x86
	EndGlobalSection
	GlobalSection(ProjectConfigurationPlatforms) = postSolution
		{ED43EAD2-BDCB-4072-8F28-DC7A0D4F86AA}.Debug|x64.ActiveCfg = Debug|x64
		{ED43EAD2-BDCB-4072-8F28-DC7A0D4F86AA}.Debug|x64.Build.0 = Debug|x64
		{ED43EAD2-BDCB-4072-8F28-DC7A0D4F86AA}.Debug|x86.ActiveCfg = Debug|Win32
		{ED43EAD2-BDCB-4072-8F28-DC7A0D4F86AA}.Debug|x86.Build.0 = Debug|Win32
		{ED43EAD2-BDCB-4072-8F28-DC7A0D4F86AA}.Release|x64.ActiveCfg = Release|x64
		{ED43EAD2-BDCB-4072-8F28-DC7A0D4F86AA}.Release|x64.Build.0 = Release|x64
		{ED43EAD2-BDCB-4072-8F28-DC7A0D4F86AA}.Release|x86.ActiveCfg = Release|Win32
		{ED43EAD2-BDCB-4072-8F28-DC7A0D4F86AA}.Release|x86.Build.0 = Release|Win32
		{8D30E8A9-4F43-40FF-B83D-4B047CBC7610}.Debug|x64.ActiveCfg = Debug|x64
		{8D30E8A9-4F43-40FF-B83D-4B047CBC7610}.Debug|x64.Build.0 = Debug|x64
		{8D30E8A9-4F43-40FF-B83D-4B047CBC7610}.Debug|x86.ActiveCfg = Debug|Win32
		{8D30E8A9-4F43-40FF-B83D-4B047CBC7610}.Debug|x86.Build.0 = Debug|Win32
		{8D30E8A9-4F43-40FF-B83D-4B047CBC7610}.Release|x64.ActiveCfg = Release|x64
		{8D30E8A9-4F43-40FF-B83D-4B047CBC7610}.Release|x64.Build.0 = Release|x64
		{8D30E8A9-4F43-40FF-B83D-4B047CBC7610}.Release|x86.ActiveCfg = Release|Win32
		{8D30E8A9-4F43-40FF-B83D-4B047CBC7610}.Release|x86.Build.0 = Release|Win32
		{32BC5A29-E9CD-49B9-B688-1F808C59DED0}.Debug|x64.ActiveCfg = Debug|x64
		{32BC5A29-E9CD-49B9-B688-1F808C59DED0}.Debug|x64.Build.0 = Debug|x64
		{32BC5A29-E9CD-49B9-B688-1F808C59DED0}.Debug|x86.ActiveCfg = Debug|Win32
		{32BC5A29-E9CD-49B9-B688-1F808C59DED0}.Debug|x86.Build.0 = Debug|Win32
		{32BC5A29-E9CD-49B9-B688-1F808C59DED0}.Release|x64.ActiveCfg = Release|x64
		{32BC5A29-E9CD-49B9-B688-1F808C59DED0}.Release|x64.Build.0 = Release|x64
		{32BC5A29-E9CD-49B9-B688-1F808C59DED0}.Release|x86.ActiveCfg = Release|Win32
		{32BC5A29-E9CD-49B9-B688-1F808C59DED0}.Release|x86.Build.0 = Release|Win32
		{166025B5-E9C6-4338-9070-A03019F0A886}.Debug|x64.ActiveCfg = Debug|x64
		{166025B5-E9C6-4338-9070-A03019F0A886}.Debug|x64.Build.0 = Debug|x64
		{166025B5-E9C6-4338-9070-A03019F0A886}.Debug|x86.ActiveCfg = Debug|Win32
		{166025B5-E9C6-4338-9070-A03019F0A886}.Debug|x86.Build.0 = Debug|Win32
		{166025B5-E9C6-4338-9070-A03019F0A886}.Release|x64.ActiveCfg = Release|x64
		{166025B5-E9C6-4338-9070-A03019F0A886}.Release|x64.Build.0 = Release|x64
		{166025B5-E9C6-4338-9070-A03019F0A886}.Release|x86.ActiveCfg = Release|Win32
		{166025B5-E9C6-4338-9070-A03019F0A886}.Release|x86.Build.0 = Release|Win32
		{FA20D739-B628-415D-82CA-A6C1B2422EC9}.Debug|x64.ActiveCfg = Debug|x64
		{FA20D739-B628-415D-82CA-A6C1B2422EC9}.Debug|x64.Build.0 = Debug|x64
		{FA20D739-B628-415D-82CA-A6C1B2422EC9}.Debug|x86.ActiveCfg = Debug|Win32
		{FA20D739-B628-415D-82CA-A6C1B2422EC9}.Debug|x86.Build.0 = Debug|Win32
		{FA20D739-B628-415D-82CA-A6C1B2422EC9}.Release|x64.ActiveCfg = Release|x64
		{FA20D739-B628-415D-82CA-A6C1B2422EC9}.Release|x64.Build.0 = Release|x64
		{FA20D739-B628-415D-82CA-A6C1B2422EC9}.Release|x86.ActiveCfg = Release|Win32
		{FA20D739-B628-415D-82CA-A6C1B2422EC9}.Release|x86.Build.0 = Release|Win32
		{60877602-EFFC-41E8-AF45-19BC81B9B010}.Debug|x64.ActiveCfg = Debug|x64
		{60877602-EFFC-41E8-AF45-19BC81B9B010}.Debug|x64.Build.0 = Debug|x64
		{60877602-EFFC-41E8-AF45-19BC81B9B010}.Debug|x86.ActiveCfg = Debug|Win32
		{60877602-EFFC-41E8-AF45-19BC81B9B010}.Debug|x86.Build.0 = Debug|Win32
		{60877602-EFFC-41E8-AF45-19BC81B9B010}.Release|x64.ActiveCfg = Release|x64
		{60877602-EFFC-41E8-AF45-19BC81B9B010}.Release|x64.Build.0 = Release|x64
		{60877602-EFFC-41E8-AF45-19BC81B9B010}.Release|x86.ActiveCfg = Release|Win32
		{60877602-EFFC-41E8-AF45-19BC81B9B010}.Release|x86.Build.0 = Release|Win32
		{5737519F-9EB3-40C7-BBF7-1159E157EEC5}.Debug|x64.ActiveCfg = Debug|x64
		{5737519F-9EB3-40C7-BBF7-1159E157EEC5}.Debug|x64.Build.0 = Debug|x64
		{5737519F-9EB3-40C7-BBF7-1159E157EEC5}.Debug|x86.ActiveCfg = Debug|Win32
		{5737519F-9EB3-40C7-BBF7-1159E157EEC5}.Debug|x86.Build.0 = Debug|Win32
		{5737519F-9EB3-40C7-BBF7-1159E157EEC5}.Release|x64.ActiveCfg = Release|x64
		{5737519F-9EB3-40C7-BBF7-1159E157EEC5}.Release|x64.Build.0 = Release|x64
		{5737519F-9EB3-40C7-BBF7-1159E157EEC5}.Release|x86.ActiveCfg = Release|Win32
		{5737519F-9EB3-40C7-BBF7-1159E157EEC5}.Release|x86.Build.0 = Release|Win32
		{92CCD80B-1826-4520-9015-F052F22D9035}.Debug|x64.ActiveCfg = Debug|x64
		{92CCD80B-1826-4520-9015-F052F22D9035}.Debug|x64.Build.0 = Debug|x64
		{92CCD80B-1826-4520-9015-F052F22D9035}.Debug|x86.ActiveCfg = Debug|Win32
		{92CCD80B-1826-4520-9015-F052F22D9035}.Debug|x86.Build.0 = Debug|Win32
		{92CCD80B-1826-4520-9015-F052F22D9035}.Release|x64.ActiveCfg = Release|x64
		{92CCD80B-1826-4520-9015-F052F22D9035}.Release|x64.Build.0 = Release|x64
		{92CCD80B-1826-4520-9015-F052F22D9035}.Release|x86.ActiveCfg = Release|Win32
		{92CCD80B-1826-4520-9015-F052F22D9035}.Release|x86.Build.0 = Release|Win32
		{9B6B3167-72EE-4643-96B2-3ED7282D2B86}.Debug|x64.ActiveCfg = Debug|x64
		{9B6B3167-72EE-4643-96B2-3ED7282D2B86}.Debug|x64.Build.0 = Debug|x64
		{9B6B3167-72EE-4643-96B2-3ED7282D2B86}.Debug|x86.ActiveCfg = Debug|Win32
		{9B6B3167-72EE-4643-96B2-3ED7282D2B86}.Debug|x86.Build.0 = Debug|Win32
		{9B6B3167-72EE-4643-96B2-3ED7282D2B86}.Release|x64.ActiveCfg = Release|x64
		{9B6B3167-72EE-4643-96B2-3ED7282D2B86}.Release|x64.Build.0 = Release|x64
		{9B6B3167-72EE-4643-96B2-3ED7282D2B86}.Release|x86.ActiveCfg = Release|Win32
		{9B6B3167-72EE-4643-96B2-3ED7282D2B86}.Release|x86.Build.0 = Release|Win32
		{45F056E7-5B4B-4911-8703-171693CA8444}.Debug|x64.ActiveCfg = Debug|x64
		{45F056E7-5B4B-4911-8703-171693CA8444}.Debug|x64.Build.0 = Debug|x64
		{45F056E7-5B4B-4911-8703-171693CA8444}.Debug|x86.ActiveCfg = Debug|Win32
		{45F056E7-5B4B-4911-8703-171693CA8444}.Debug|x86.Build.0 = Debug|Win32
		{45F056E7-5B4B-4911-8703-171693CA8444}.Release|x64.ActiveCfg = Release|x64
		{45F056E7-5B4B-4911-8703-171693CA8444}.Release|x64.Build.0 = Release|x64
		{45F056E7-5B4B-4911-8703-171693CA8444}.Release|x86.ActiveCfg = Release|Win32
		{45F056E7-5B4B-4911-8703-171693CA8444}.Release|x86.Build.0 = Release|Win32
		{4A6BC2EF-2921-4F09-9C7D-CBB51D7DFD49}.Debug|x64.ActiveCfg = Debug|x64
		{4A6BC2EF-2921-4F09-9C7D-CBB51D7DFD49}.Debug|x64.Build.0 = Debug|x64
		{4A6BC2EF-2921-4F09-9C7D-CBB51D7DFD49}.Debug|x86.ActiveCfg = Debug|Win32
		{4A6BC2EF-2921-4F09-9C7D-CBB51D7DFD49}.Debug|x86.Build.0 = Debug|Win32
		{4A6BC2EF-2921-4F09-9C7D-CBB51D7DFD49}.Release|x64.ActiveCfg = Release|x64
		{4A6BC2EF-2921-4F09-9C7D-CBB51D7DFD49}.Release|x64.Build.0 = Release|x64
		{4A6BC2EF-2921-4F09-9C7D-CBB51D7DFD49}.Release|x86.ActiveCfg = Release|Win32
		{4A6BC2EF-2921-4F09-9C7D-CBB51D7DFD49}.Release|x86.Build.0 = Release|Win32
		{EEB90B31-2FF8-441B-B5BA-E2097F67A48B}.Debug|x64.ActiveCfg = Debug|x64
		{EEB90B31-2FF8-441B-B5BA-E2097F67A48B}.Debug|x64.Build.0 = Debug|x64
		{EEB90B31-2FF8-441B-B5BA-E2097F67A48B}.Debug|x86.ActiveCfg = Debug|Win32
		{EEB90B31-2FF8-441B-B5BA-E2097F67A48B}.Debug|x86.Build.0 = Debug|Win32
		{EEB90B31-2FF8-441B-B5BA-E2097F67A48B}.Release|x64.ActiveCfg = Release|x64
		{EEB90B31-2FF8-441B-B5BA-E2097F67A48B}.Release|x64.Build.0 = Release|x64
		{EEB90B31-2FF8-441B-B5BA-E2097F67A48B}.Release|x86.ActiveCfg = Release|Win32
		{EEB90B31-2FF8-441B-B5BA-E2097F67A48B}.Release|x86.Build.0 = Release|Win32
		{539F38CA-0DE5-44E1-B0F1-0DC3EC3B8030}.Debug|x64.ActiveCfg = Debug|x64
		{539F38CA-0DE5-44E1-B0F1-0DC3EC3B8030}.Debug|x64.Build.0 = Debug|x64
		{539F38CA-0DE5-44E1-B0F1-0DC3EC3B8030}.Debug|x86.ActiveCfg = Debug|Win32
		{539F38CA-0DE5-44E1-B0F1-0DC3EC3B8030}.Debug|x86.Build.0 = Debug|Win32
		{539F38CA-0DE5-44E1-B0F1-0DC3EC3B8030}.Release|x64.ActiveCfg = Release|x64
		{539F38CA-0DE5-44E1-B0F1-0DC3EC3B8030}.Release|x64.Build.0 = Release|x64
		{539F38CA-0DE5-44E1-B0F1-0DC3EC3B8030}.Release|x86.ActiveCfg = Release|Win32
		{539F38CA-0DE5-44E1-B0F1-0DC3EC3B8030}.Release|x86.Build.0 = Release|Win32
		{30A8BA21-1CD0-4061-BFC7-9EDA2B58D705}.Debug|x64.ActiveCfg = Debug|x64
		{30A8BA21-1CD0-4061-BFC7-9EDA2B58D705}.Debug|x64.Build.0 = Debug|x64
		{30A8BA21-1CD0-4061-BFC7-9EDA2B58D705}.Debug|x86.ActiveCfg = Debug|Win32
		{30A8BA21-1CD0-4061-BFC7-9EDA2B58D705}.Debug|x86.Build.0 = Debug|Win32
		{30A8BA21-1CD0-4061-BFC7-9EDA2B58D705}.Release|x64.ActiveCfg = Release|x64
		{30A8BA21-1CD0-4061-BFC7-9EDA2B58D705}.Release|x64.Build.0 = Release|x64
		{30A8BA21-1CD0-4061-BFC7-9EDA2B58D705}.Release|x86.ActiveCfg = Release|Win32
		{30A8BA21-1CD0-4061-BFC7-9EDA2B58D705}.Release|x86.Build.0 = Release|Win32
		{2A46C8CC-23BC-4E04-8D96-DFCCD291A041}.Debug|x64.ActiveCfg = Debug|x64
		{2A46C8CC-23BC-4E04-8D96-DFCCD291A041}.Debug|x64.Build.0 = Debug|x64
		{2A46C8CC-23BC-4E04-8D96-DFCCD291A041}.Debug|x86.ActiveCfg = Debug|Win32
		{2A46C8CC-23BC-4E04-8D96-DFCCD291A041}.Debug|x86.Build.0 = Debug|Win32
		{2A46C8CC-23BC-4E04-8D96-DFCCD291A041}.Release|x64.ActiveCfg = Release|x64
		{2A46C8CC-23BC-4E04-8D96-DFCCD291A041}.Release|x64.Build.0 = Release|x64
		{2A46C8CC-23BC-4E04-8D96-DFCCD291A041}.Release|x86.ActiveCfg = Release|Win32
		{2A46C8CC-23BC-4E04-8D96-DFCCD291A041}.Release|x86.Build.0 = Release|Win32
		{B5BCBD4F-DFBF-47AD-939F-1458027A7ADF}.Debug|x64.ActiveCfg = Debug|x64
		{B5BCBD4F-DFBF-47AD-939F-1458027A7ADF}.Debug|x64.Build.0 = Debug|x64
		{B5BCBD4F-DFBF-47AD-939F-1458027A7ADF}.Debug|x86.ActiveCfg = Debug|Win32
		{B5BCBD4F-DFBF-47AD-939F-1458027A7ADF}.Debug|x86.Build.0 = Debug|Win32
		{B5BCBD4F-DFBF-47AD-939F-1458027A7ADF}.Release|x64.ActiveCfg = Release|x64
		{B5BCBD4F-DFBF-47AD-939F-1458027A7ADF}.Release|x64.Build.0 = Release|x64
		{B5BCBD4F-DFBF-47AD-939F-1458027A7ADF}.Release|x86.ActiveCfg = Release|Win32
		{B5BCBD4F-DFBF-47AD-939F-1458027A7ADF}.Release|x86.Build.0 = Release|Win32
		{DB0B7B26-C902-4744-B8F6-F520BB51A8AA}.Debug|x64.ActiveCfg = Debug|x64
		{DB0B7B26-C902-4744-B8F6-F520BB51A8AA}.Debug|x64.Build.0 = Debug|x64
		{DB0B7B26-C902-4744-B8F6-F520BB51A8AA}.Debug|x86.ActiveCfg = Debug|Win32
		{DB0B7B26-C902-4744-B8F6-F520BB51A8AA}.Debug|x86.Build.0 = Debug|Win32
		{DB0B7B26-C902-4744-B8F6-F520BB51A8AA}.Release|x64.ActiveCfg = Release|x64
		{DB0B7B26-C902-4744-B8F6-F520BB51A8AA}.Release|x64.Build.0 = Release|x64
		{DB0B7B26-C902-4744-B8F6-F520BB51A8AA}.Release|x86.ActiveCfg = Release|Win32
		{DB0B7B26-C902-4744-B8F6-F520BB51A8AA}.Release|x86.Build.0 = Release|Win32
		{CEF1B242-2FD4-468E-9C1A-8660A3A59C78}.Debug|x64.ActiveCfg = Debug|x64
		{CEF1B242-2FD4-468E-9C1A-8660A3A59C78}.Debug|x64.Build.0 = Debug|x64
		{CEF1B242-2FD4-468E-9C1A-8660A3A59C78}.Debug|x86.ActiveCfg = Debug|Win32
		{CEF1B242-2FD4-468E-9C1A-8660A3A59C78}.Debug|x86.Build.0 = Debug|Win32
		{CEF1B242-2FD4-468E-9C1A-8660A3A59C78}.Release|x64.ActiveCfg = Release|x64
		{CEF1B242-2FD4-468E-9C1A-8660A3A59C78}.Release|x64.Build.0 = Release|x64
		{CEF1B242-2FD4-468E-9C1A-8660A3A59C78}.Release|x86.ActiveCfg = Release|Win32
		{CEF1B242-2FD4-468E-9C1A-8660A3A59C78}.Release|x86.Build.0 = Release|Win32
		{CCC6EC0B-AACD-4A07-8689-1B76520BF50A}.Debug|x64.ActiveCfg = Debug|x64
		{CCC6EC0B-AACD-4A07-8689-1B76520BF50A}.Debug|x64.Build.0 = Debug|x64
		{CCC6EC0B-AACD-4A07-8689-1B76520BF50A}.Debug|x86.ActiveCfg = Debug|Win32
		{CCC6EC0B-AACD-4A07-8689-1B76520BF50A}.Debug|x86.Build.0 = Debug|Win32
		{CCC6EC0B-AACD-4A07-8689-1B76520BF50A}.Release|x64.ActiveCfg = Release|x64
		{CCC6EC0B-AACD-4A07-8689-1B76520BF50A}.Release|x64.Build.0 = Release|x64
		{CCC6EC0B-AACD-4A07-8689-1B76520BF50A}.Release|x86.ActiveCfg = Release|Win32
		{CCC6EC0B-AACD-4A07-8689-1B76520BF50A}.Release|x86.Build.0 = Release|Win32
		{376F7451-E216-4D24-84FF-BC2A9838D530}.Debug|x64.ActiveCfg = Debug|x64
		{376F7451-E216-4D24-84FF-BC2A9838D530}.Debug|x64.Build.0 = Debug|x64
		{376F7451-E216-4D24-84FF-BC2A9838D530}.Debug|x86.ActiveCfg = Debug|Win32
		{376F7451-E216-4D24-84FF-BC2A9838D530}.Debug|x86.Build.0 = Debug|Win32
		{376F7451-E216-4D24-84FF-BC2A9838D530}.Release|x64.ActiveCfg = Release|x64
		{376F7451-E216-4D24-84FF-BC2A9838D530}.Release|x64.Build.0 = Release|x64
		{376F7451-E216-4D24-84FF-BC2A9838D530}.Release|x86.ActiveCfg = Release|Win32
		{376F7451-E216-4D24-84FF-BC2A9838D530}.Release|x86.Build.0 = Release|Win32
	EndGlobalSection
	GlobalSection(SolutionProperties) = preSolution
		HideSolutionNode = FALSE
	EndGlobalSection
	GlobalSection(ExtensibilityGlobals) = postSolution
		SolutionGuid = {F5E9DDDD-28C6-4958-B08C-EB083F9F9EAB}
	EndGlobalSection
EndGlobal
